// !$*UTF8*$!
{
	archiveVersion = 1;
	classes = {
	};
	objectVersion = 50;
	objects = {

/* Begin PBXBuildFile section */
		1B813C862463FF41004DE874 /* AppDelegate.swift in Sources */ = {isa = PBXBuildFile; fileRef = 1B813C852463FF41004DE874 /* AppDelegate.swift */; };
		1B813C8A2463FF41004DE874 /* ViewController.swift in Sources */ = {isa = PBXBuildFile; fileRef = 1B813C892463FF41004DE874 /* ViewController.swift */; };
		1B813C8D2463FF41004DE874 /* Main.storyboard in Resources */ = {isa = PBXBuildFile; fileRef = 1B813C8B2463FF41004DE874 /* Main.storyboard */; };
		1B813C8F2463FF43004DE874 /* Assets.xcassets in Resources */ = {isa = PBXBuildFile; fileRef = 1B813C8E2463FF43004DE874 /* Assets.xcassets */; };
		1B813C922463FF43004DE874 /* LaunchScreen.storyboard in Resources */ = {isa = PBXBuildFile; fileRef = 1B813C902463FF43004DE874 /* LaunchScreen.storyboard */; };
		1B813C9D2463FF43004DE874 /* HJFluentThemeTests.swift in Sources */ = {isa = PBXBuildFile; fileRef = 1B813C9C2463FF43004DE874 /* HJFluentThemeTests.swift */; };
		1B813CA82463FF43004DE874 /* HJFluentThemeUITests.swift in Sources */ = {isa = PBXBuildFile; fileRef = 1B813CA72463FF43004DE874 /* HJFluentThemeUITests.swift */; };
		1B813CFE24653FD5004DE874 /* TMDynamicColor.m in Sources */ = {isa = PBXBuildFile; fileRef = 1B813CFD24653FD5004DE874 /* TMDynamicColor.m */; };
		1B813D0124654019004DE874 /* TMDynamicImage.m in Sources */ = {isa = PBXBuildFile; fileRef = 1B813D0024654019004DE874 /* TMDynamicImage.m */; };
		1B813D0424654113004DE874 /* TMTraitCollection.m in Sources */ = {isa = PBXBuildFile; fileRef = 1B813D0324654112004DE874 /* TMTraitCollection.m */; };
		1B813D0724654133004DE874 /* NSObject+ThemeModelKit.m in Sources */ = {isa = PBXBuildFile; fileRef = 1B813D0624654133004DE874 /* NSObject+ThemeModelKit.m */; };
		1B813D0B24654163004DE874 /* UIColor+ThemeModeKit.m in Sources */ = {isa = PBXBuildFile; fileRef = 1B813D0A24654163004DE874 /* UIColor+ThemeModeKit.m */; };
		1B813D0E24654173004DE874 /* UIView+ThemeModeKit.m in Sources */ = {isa = PBXBuildFile; fileRef = 1B813D0D24654173004DE874 /* UIView+ThemeModeKit.m */; };
		1B813D112465417F004DE874 /* UIImage+ThemeModeKit.m in Sources */ = {isa = PBXBuildFile; fileRef = 1B813D102465417F004DE874 /* UIImage+ThemeModeKit.m */; };
		1B813D14246541D5004DE874 /* ThemeModeManager.swift in Sources */ = {isa = PBXBuildFile; fileRef = 1B813D13246541D5004DE874 /* ThemeModeManager.swift */; };
		1B813D162465421F004DE874 /* UIView+ThemeModeKit.swift in Sources */ = {isa = PBXBuildFile; fileRef = 1B813D152465421F004DE874 /* UIView+ThemeModeKit.swift */; };
		1B813D182465422F004DE874 /* UIToolbar+ThemeModeKit.swift in Sources */ = {isa = PBXBuildFile; fileRef = 1B813D172465422F004DE874 /* UIToolbar+ThemeModeKit.swift */; };
		1B813D1A24654238004DE874 /* UIButton+ThemeModeKit.swift in Sources */ = {isa = PBXBuildFile; fileRef = 1B813D1924654238004DE874 /* UIButton+ThemeModeKit.swift */; };
		1B813D1C24654245004DE874 /* UIWindow+ThemeModeKit.swift in Sources */ = {isa = PBXBuildFile; fileRef = 1B813D1B24654245004DE874 /* UIWindow+ThemeModeKit.swift */; };
		1B813D1E24654251004DE874 /* UIProgressView+ThemeModeKit.swift in Sources */ = {isa = PBXBuildFile; fileRef = 1B813D1D24654251004DE874 /* UIProgressView+ThemeModeKit.swift */; };
		1B813D202465425F004DE874 /* UIScrollView+ThemeModeKit.swift in Sources */ = {isa = PBXBuildFile; fileRef = 1B813D1F2465425F004DE874 /* UIScrollView+ThemeModeKit.swift */; };
		1B813D222465426C004DE874 /* UITextView+ThemeModeKit.swift in Sources */ = {isa = PBXBuildFile; fileRef = 1B813D212465426C004DE874 /* UITextView+ThemeModeKit.swift */; };
		1B813D242465427A004DE874 /* UIImageView+ThemeModeKit.swift in Sources */ = {isa = PBXBuildFile; fileRef = 1B813D232465427A004DE874 /* UIImageView+ThemeModeKit.swift */; };
		1B813D262465428E004DE874 /* UIVPageControl+ThemeModeKit.swift in Sources */ = {isa = PBXBuildFile; fileRef = 1B813D252465428E004DE874 /* UIVPageControl+ThemeModeKit.swift */; };
		1B813D282465429B004DE874 /* UITableView+ThemeModeKit.swift in Sources */ = {isa = PBXBuildFile; fileRef = 1B813D272465429B004DE874 /* UITableView+ThemeModeKit.swift */; };
		1B813D2A246542A7004DE874 /* UINavigationBar+ThemeModeKit.swift in Sources */ = {isa = PBXBuildFile; fileRef = 1B813D29246542A7004DE874 /* UINavigationBar+ThemeModeKit.swift */; };
		1B813D2C246542B6004DE874 /* UITabBar+ThemeModeKit.swift in Sources */ = {isa = PBXBuildFile; fileRef = 1B813D2B246542B6004DE874 /* UITabBar+ThemeModeKit.swift */; };
		1B813D2E246542C3004DE874 /* UIViewController+ThemeModeKit.swift in Sources */ = {isa = PBXBuildFile; fileRef = 1B813D2D246542C3004DE874 /* UIViewController+ThemeModeKit.swift */; };
		1B813D30246542CD004DE874 /* UILabel+ThemeModeKit.swift in Sources */ = {isa = PBXBuildFile; fileRef = 1B813D2F246542CD004DE874 /* UILabel+ThemeModeKit.swift */; };
		1B813D32246542DD004DE874 /* UISlider+ThemeModeKit.swift in Sources */ = {isa = PBXBuildFile; fileRef = 1B813D31246542DD004DE874 /* UISlider+ThemeModeKit.swift */; };
		1B813D34246542ED004DE874 /* UITextField+ThemeModeKit.swift in Sources */ = {isa = PBXBuildFile; fileRef = 1B813D33246542ED004DE874 /* UITextField+ThemeModeKit.swift */; };
		1B813D3624654301004DE874 /* UIApplication+ThemeModeKit.swift in Sources */ = {isa = PBXBuildFile; fileRef = 1B813D3524654301004DE874 /* UIApplication+ThemeModeKit.swift */; };
		1B813D3E2465483E004DE874 /* Podfile in Resources */ = {isa = PBXBuildFile; fileRef = 1B813D3D2465483E004DE874 /* Podfile */; };
/* End PBXBuildFile section */

/* Begin PBXContainerItemProxy section */
		1B813C992463FF43004DE874 /* PBXContainerItemProxy */ = {
			isa = PBXContainerItemProxy;
			containerPortal = 1B813C7A2463FF41004DE874 /* Project object */;
			proxyType = 1;
			remoteGlobalIDString = 1B813C812463FF41004DE874;
			remoteInfo = HJFluentTheme;
		};
		1B813CA42463FF43004DE874 /* PBXContainerItemProxy */ = {
			isa = PBXContainerItemProxy;
			containerPortal = 1B813C7A2463FF41004DE874 /* Project object */;
			proxyType = 1;
			remoteGlobalIDString = 1B813C812463FF41004DE874;
			remoteInfo = HJFluentTheme;
		};
/* End PBXContainerItemProxy section */

/* Begin PBXFileReference section */
		1B813C822463FF41004DE874 /* HJFluentTheme.app */ = {isa = PBXFileReference; explicitFileType = wrapper.application; includeInIndex = 0; path = HJFluentTheme.app; sourceTree = BUILT_PRODUCTS_DIR; };
		1B813C852463FF41004DE874 /* AppDelegate.swift */ = {isa = PBXFileReference; lastKnownFileType = sourcecode.swift; path = AppDelegate.swift; sourceTree = "<group>"; };
		1B813C892463FF41004DE874 /* ViewController.swift */ = {isa = PBXFileReference; lastKnownFileType = sourcecode.swift; path = ViewController.swift; sourceTree = "<group>"; };
		1B813C8C2463FF41004DE874 /* Base */ = {isa = PBXFileReference; lastKnownFileType = file.storyboard; name = Base; path = Base.lproj/Main.storyboard; sourceTree = "<group>"; };
		1B813C8E2463FF43004DE874 /* Assets.xcassets */ = {isa = PBXFileReference; lastKnownFileType = folder.assetcatalog; path = Assets.xcassets; sourceTree = "<group>"; };
		1B813C912463FF43004DE874 /* Base */ = {isa = PBXFileReference; lastKnownFileType = file.storyboard; name = Base; path = Base.lproj/LaunchScreen.storyboard; sourceTree = "<group>"; };
		1B813C932463FF43004DE874 /* Info.plist */ = {isa = PBXFileReference; lastKnownFileType = text.plist.xml; path = Info.plist; sourceTree = "<group>"; };
		1B813C982463FF43004DE874 /* HJFluentThemeTests.xctest */ = {isa = PBXFileReference; explicitFileType = wrapper.cfbundle; includeInIndex = 0; path = HJFluentThemeTests.xctest; sourceTree = BUILT_PRODUCTS_DIR; };
		1B813C9C2463FF43004DE874 /* HJFluentThemeTests.swift */ = {isa = PBXFileReference; lastKnownFileType = sourcecode.swift; path = HJFluentThemeTests.swift; sourceTree = "<group>"; };
		1B813C9E2463FF43004DE874 /* Info.plist */ = {isa = PBXFileReference; lastKnownFileType = text.plist.xml; path = Info.plist; sourceTree = "<group>"; };
		1B813CA32463FF43004DE874 /* HJFluentThemeUITests.xctest */ = {isa = PBXFileReference; explicitFileType = wrapper.cfbundle; includeInIndex = 0; path = HJFluentThemeUITests.xctest; sourceTree = BUILT_PRODUCTS_DIR; };
		1B813CA72463FF43004DE874 /* HJFluentThemeUITests.swift */ = {isa = PBXFileReference; lastKnownFileType = sourcecode.swift; path = HJFluentThemeUITests.swift; sourceTree = "<group>"; };
		1B813CA92463FF43004DE874 /* Info.plist */ = {isa = PBXFileReference; lastKnownFileType = text.plist.xml; path = Info.plist; sourceTree = "<group>"; };
		1B813CFC24653FD5004DE874 /* TMDynamicColor.h */ = {isa = PBXFileReference; lastKnownFileType = sourcecode.c.h; path = TMDynamicColor.h; sourceTree = "<group>"; };
		1B813CFD24653FD5004DE874 /* TMDynamicColor.m */ = {isa = PBXFileReference; lastKnownFileType = sourcecode.c.objc; path = TMDynamicColor.m; sourceTree = "<group>"; };
		1B813CFF24654019004DE874 /* TMDynamicImage.h */ = {isa = PBXFileReference; lastKnownFileType = sourcecode.c.h; path = TMDynamicImage.h; sourceTree = "<group>"; };
		1B813D0024654019004DE874 /* TMDynamicImage.m */ = {isa = PBXFileReference; lastKnownFileType = sourcecode.c.objc; path = TMDynamicImage.m; sourceTree = "<group>"; };
		1B813D0224654112004DE874 /* TMTraitCollection.h */ = {isa = PBXFileReference; lastKnownFileType = sourcecode.c.h; path = TMTraitCollection.h; sourceTree = "<group>"; };
		1B813D0324654112004DE874 /* TMTraitCollection.m */ = {isa = PBXFileReference; lastKnownFileType = sourcecode.c.objc; path = TMTraitCollection.m; sourceTree = "<group>"; };
		1B813D0524654133004DE874 /* NSObject+ThemeModelKit.h */ = {isa = PBXFileReference; lastKnownFileType = sourcecode.c.h; path = "NSObject+ThemeModelKit.h"; sourceTree = "<group>"; };
		1B813D0624654133004DE874 /* NSObject+ThemeModelKit.m */ = {isa = PBXFileReference; lastKnownFileType = sourcecode.c.objc; path = "NSObject+ThemeModelKit.m"; sourceTree = "<group>"; };
		1B813D0824654147004DE874 /* TMNamespace.h */ = {isa = PBXFileReference; lastKnownFileType = sourcecode.c.h; path = TMNamespace.h; sourceTree = "<group>"; };
		1B813D0924654163004DE874 /* UIColor+ThemeModeKit.h */ = {isa = PBXFileReference; lastKnownFileType = sourcecode.c.h; path = "UIColor+ThemeModeKit.h"; sourceTree = "<group>"; };
		1B813D0A24654163004DE874 /* UIColor+ThemeModeKit.m */ = {isa = PBXFileReference; lastKnownFileType = sourcecode.c.objc; path = "UIColor+ThemeModeKit.m"; sourceTree = "<group>"; };
		1B813D0C24654173004DE874 /* UIView+ThemeModeKit.h */ = {isa = PBXFileReference; lastKnownFileType = sourcecode.c.h; path = "UIView+ThemeModeKit.h"; sourceTree = "<group>"; };
		1B813D0D24654173004DE874 /* UIView+ThemeModeKit.m */ = {isa = PBXFileReference; lastKnownFileType = sourcecode.c.objc; path = "UIView+ThemeModeKit.m"; sourceTree = "<group>"; };
		1B813D0F2465417F004DE874 /* UIImage+ThemeModeKit.h */ = {isa = PBXFileReference; lastKnownFileType = sourcecode.c.h; path = "UIImage+ThemeModeKit.h"; sourceTree = "<group>"; };
		1B813D102465417F004DE874 /* UIImage+ThemeModeKit.m */ = {isa = PBXFileReference; lastKnownFileType = sourcecode.c.objc; path = "UIImage+ThemeModeKit.m"; sourceTree = "<group>"; };
		1B813D13246541D5004DE874 /* ThemeModeManager.swift */ = {isa = PBXFileReference; lastKnownFileType = sourcecode.swift; path = ThemeModeManager.swift; sourceTree = "<group>"; };
		1B813D152465421F004DE874 /* UIView+ThemeModeKit.swift */ = {isa = PBXFileReference; lastKnownFileType = sourcecode.swift; path = "UIView+ThemeModeKit.swift"; sourceTree = "<group>"; };
		1B813D172465422F004DE874 /* UIToolbar+ThemeModeKit.swift */ = {isa = PBXFileReference; lastKnownFileType = sourcecode.swift; path = "UIToolbar+ThemeModeKit.swift"; sourceTree = "<group>"; };
		1B813D1924654238004DE874 /* UIButton+ThemeModeKit.swift */ = {isa = PBXFileReference; lastKnownFileType = sourcecode.swift; path = "UIButton+ThemeModeKit.swift"; sourceTree = "<group>"; };
		1B813D1B24654245004DE874 /* UIWindow+ThemeModeKit.swift */ = {isa = PBXFileReference; lastKnownFileType = sourcecode.swift; path = "UIWindow+ThemeModeKit.swift"; sourceTree = "<group>"; };
		1B813D1D24654251004DE874 /* UIProgressView+ThemeModeKit.swift */ = {isa = PBXFileReference; lastKnownFileType = sourcecode.swift; path = "UIProgressView+ThemeModeKit.swift"; sourceTree = "<group>"; };
		1B813D1F2465425F004DE874 /* UIScrollView+ThemeModeKit.swift */ = {isa = PBXFileReference; lastKnownFileType = sourcecode.swift; path = "UIScrollView+ThemeModeKit.swift"; sourceTree = "<group>"; };
		1B813D212465426C004DE874 /* UITextView+ThemeModeKit.swift */ = {isa = PBXFileReference; lastKnownFileType = sourcecode.swift; path = "UITextView+ThemeModeKit.swift"; sourceTree = "<group>"; };
		1B813D232465427A004DE874 /* UIImageView+ThemeModeKit.swift */ = {isa = PBXFileReference; lastKnownFileType = sourcecode.swift; path = "UIImageView+ThemeModeKit.swift"; sourceTree = "<group>"; };
		1B813D252465428E004DE874 /* UIVPageControl+ThemeModeKit.swift */ = {isa = PBXFileReference; lastKnownFileType = sourcecode.swift; path = "UIVPageControl+ThemeModeKit.swift"; sourceTree = "<group>"; };
		1B813D272465429B004DE874 /* UITableView+ThemeModeKit.swift */ = {isa = PBXFileReference; lastKnownFileType = sourcecode.swift; path = "UITableView+ThemeModeKit.swift"; sourceTree = "<group>"; };
		1B813D29246542A7004DE874 /* UINavigationBar+ThemeModeKit.swift */ = {isa = PBXFileReference; lastKnownFileType = sourcecode.swift; path = "UINavigationBar+ThemeModeKit.swift"; sourceTree = "<group>"; };
		1B813D2B246542B6004DE874 /* UITabBar+ThemeModeKit.swift */ = {isa = PBXFileReference; lastKnownFileType = sourcecode.swift; path = "UITabBar+ThemeModeKit.swift"; sourceTree = "<group>"; };
		1B813D2D246542C3004DE874 /* UIViewController+ThemeModeKit.swift */ = {isa = PBXFileReference; lastKnownFileType = sourcecode.swift; path = "UIViewController+ThemeModeKit.swift"; sourceTree = "<group>"; };
		1B813D2F246542CD004DE874 /* UILabel+ThemeModeKit.swift */ = {isa = PBXFileReference; lastKnownFileType = sourcecode.swift; path = "UILabel+ThemeModeKit.swift"; sourceTree = "<group>"; };
		1B813D31246542DD004DE874 /* UISlider+ThemeModeKit.swift */ = {isa = PBXFileReference; lastKnownFileType = sourcecode.swift; path = "UISlider+ThemeModeKit.swift"; sourceTree = "<group>"; };
		1B813D33246542ED004DE874 /* UITextField+ThemeModeKit.swift */ = {isa = PBXFileReference; lastKnownFileType = sourcecode.swift; path = "UITextField+ThemeModeKit.swift"; sourceTree = "<group>"; };
		1B813D3524654301004DE874 /* UIApplication+ThemeModeKit.swift */ = {isa = PBXFileReference; lastKnownFileType = sourcecode.swift; path = "UIApplication+ThemeModeKit.swift"; sourceTree = "<group>"; };
		1B813D3824654500004DE874 /* HJFluentTheme-Bridging-Header.h */ = {isa = PBXFileReference; fileEncoding = 4; lastKnownFileType = sourcecode.c.h; path = "HJFluentTheme-Bridging-Header.h"; sourceTree = "<group>"; };
		1B813D3924654634004DE874 /* TMThemeModeKit.h */ = {isa = PBXFileReference; lastKnownFileType = sourcecode.c.h; path = TMThemeModeKit.h; sourceTree = "<group>"; };
		1B813D3A246546B8004DE874 /* HJFluentTheme.podspec */ = {isa = PBXFileReference; lastKnownFileType = text; path = HJFluentTheme.podspec; sourceTree = "<group>"; };
		1B813D3D2465483E004DE874 /* Podfile */ = {isa = PBXFileReference; fileEncoding = 4; lastKnownFileType = text; path = Podfile; sourceTree = SOURCE_ROOT; };
/* End PBXFileReference section */

/* Begin PBXFrameworksBuildPhase section */
		1B813C7F2463FF41004DE874 /* Frameworks */ = {
			isa = PBXFrameworksBuildPhase;
			buildActionMask = 2147483647;
			files = (
			);
			runOnlyForDeploymentPostprocessing = 0;
		};
		1B813C952463FF43004DE874 /* Frameworks */ = {
			isa = PBXFrameworksBuildPhase;
			buildActionMask = 2147483647;
			files = (
			);
			runOnlyForDeploymentPostprocessing = 0;
		};
		1B813CA02463FF43004DE874 /* Frameworks */ = {
			isa = PBXFrameworksBuildPhase;
			buildActionMask = 2147483647;
			files = (
			);
			runOnlyForDeploymentPostprocessing = 0;
		};
/* End PBXFrameworksBuildPhase section */

/* Begin PBXGroup section */
		1B813C792463FF41004DE874 = {
			isa = PBXGroup;
			children = (
				1B813D3A246546B8004DE874 /* HJFluentTheme.podspec */,
				1B813CB524640102004DE874 /* Sources */,
				1B813C842463FF41004DE874 /* HJFluentTheme */,
				1B813C9B2463FF43004DE874 /* HJFluentThemeTests */,
				1B813CA62463FF43004DE874 /* HJFluentThemeUITests */,
				1B813C832463FF41004DE874 /* Products */,
			);
			sourceTree = "<group>";
		};
		1B813C832463FF41004DE874 /* Products */ = {
			isa = PBXGroup;
			children = (
				1B813C822463FF41004DE874 /* HJFluentTheme.app */,
				1B813C982463FF43004DE874 /* HJFluentThemeTests.xctest */,
				1B813CA32463FF43004DE874 /* HJFluentThemeUITests.xctest */,
			);
			name = Products;
			sourceTree = "<group>";
		};
		1B813C842463FF41004DE874 /* HJFluentTheme */ = {
			isa = PBXGroup;
			children = (
				1B813C852463FF41004DE874 /* AppDelegate.swift */,
				1B813C892463FF41004DE874 /* ViewController.swift */,
				1B813C8B2463FF41004DE874 /* Main.storyboard */,
				1B813C8E2463FF43004DE874 /* Assets.xcassets */,
				1B813C902463FF43004DE874 /* LaunchScreen.storyboard */,
				1B813C932463FF43004DE874 /* Info.plist */,
				1B813D3824654500004DE874 /* HJFluentTheme-Bridging-Header.h */,
				1B813D3D2465483E004DE874 /* Podfile */,
			);
			path = HJFluentTheme;
			sourceTree = "<group>";
		};
		1B813C9B2463FF43004DE874 /* HJFluentThemeTests */ = {
			isa = PBXGroup;
			children = (
				1B813C9C2463FF43004DE874 /* HJFluentThemeTests.swift */,
				1B813C9E2463FF43004DE874 /* Info.plist */,
			);
			path = HJFluentThemeTests;
			sourceTree = "<group>";
		};
		1B813CA62463FF43004DE874 /* HJFluentThemeUITests */ = {
			isa = PBXGroup;
			children = (
				1B813CA72463FF43004DE874 /* HJFluentThemeUITests.swift */,
				1B813CA92463FF43004DE874 /* Info.plist */,
			);
			path = HJFluentThemeUITests;
			sourceTree = "<group>";
		};
		1B813CB524640102004DE874 /* Sources */ = {
			isa = PBXGroup;
			children = (
				1B813CF824653F7F004DE874 /* ThemeModeKit */,
				1B813CF924653F7F004DE874 /* ThemeModelCore */,
			);
			name = Sources;
			path = HJFluentTheme/Sources;
			sourceTree = "<group>";
		};
		1B813CF824653F7F004DE874 /* ThemeModeKit */ = {
			isa = PBXGroup;
			children = (
				1B813D13246541D5004DE874 /* ThemeModeManager.swift */,
				1B813D12246541A3004DE874 /* Extensions */,
			);
			path = ThemeModeKit;
			sourceTree = "<group>";
		};
		1B813CF924653F7F004DE874 /* ThemeModelCore */ = {
			isa = PBXGroup;
			children = (
				1B813D3924654634004DE874 /* TMThemeModeKit.h */,
				1B813CFC24653FD5004DE874 /* TMDynamicColor.h */,
				1B813CFD24653FD5004DE874 /* TMDynamicColor.m */,
				1B813CFF24654019004DE874 /* TMDynamicImage.h */,
				1B813D0024654019004DE874 /* TMDynamicImage.m */,
				1B813D0224654112004DE874 /* TMTraitCollection.h */,
				1B813D0324654112004DE874 /* TMTraitCollection.m */,
				1B813D0524654133004DE874 /* NSObject+ThemeModelKit.h */,
				1B813D0624654133004DE874 /* NSObject+ThemeModelKit.m */,
				1B813D0824654147004DE874 /* TMNamespace.h */,
				1B813D0924654163004DE874 /* UIColor+ThemeModeKit.h */,
				1B813D0A24654163004DE874 /* UIColor+ThemeModeKit.m */,
				1B813D0C24654173004DE874 /* UIView+ThemeModeKit.h */,
				1B813D0D24654173004DE874 /* UIView+ThemeModeKit.m */,
				1B813D0F2465417F004DE874 /* UIImage+ThemeModeKit.h */,
				1B813D102465417F004DE874 /* UIImage+ThemeModeKit.m */,
			);
			path = ThemeModelCore;
			sourceTree = "<group>";
		};
		1B813D12246541A3004DE874 /* Extensions */ = {
			isa = PBXGroup;
			children = (
				1B813D152465421F004DE874 /* UIView+ThemeModeKit.swift */,
				1B813D172465422F004DE874 /* UIToolbar+ThemeModeKit.swift */,
				1B813D1924654238004DE874 /* UIButton+ThemeModeKit.swift */,
				1B813D1B24654245004DE874 /* UIWindow+ThemeModeKit.swift */,
				1B813D1D24654251004DE874 /* UIProgressView+ThemeModeKit.swift */,
				1B813D1F2465425F004DE874 /* UIScrollView+ThemeModeKit.swift */,
				1B813D212465426C004DE874 /* UITextView+ThemeModeKit.swift */,
				1B813D232465427A004DE874 /* UIImageView+ThemeModeKit.swift */,
				1B813D252465428E004DE874 /* UIVPageControl+ThemeModeKit.swift */,
				1B813D272465429B004DE874 /* UITableView+ThemeModeKit.swift */,
				1B813D29246542A7004DE874 /* UINavigationBar+ThemeModeKit.swift */,
				1B813D2B246542B6004DE874 /* UITabBar+ThemeModeKit.swift */,
				1B813D2D246542C3004DE874 /* UIViewController+ThemeModeKit.swift */,
				1B813D2F246542CD004DE874 /* UILabel+ThemeModeKit.swift */,
				1B813D31246542DD004DE874 /* UISlider+ThemeModeKit.swift */,
				1B813D33246542ED004DE874 /* UITextField+ThemeModeKit.swift */,
				1B813D3524654301004DE874 /* UIApplication+ThemeModeKit.swift */,
			);
			path = Extensions;
			sourceTree = "<group>";
		};
/* End PBXGroup section */

/* Begin PBXNativeTarget section */
		1B813C812463FF41004DE874 /* HJFluentTheme */ = {
			isa = PBXNativeTarget;
			buildConfigurationList = 1B813CAC2463FF43004DE874 /* Build configuration list for PBXNativeTarget "HJFluentTheme" */;
			buildPhases = (
				1B813C7E2463FF41004DE874 /* Sources */,
				1B813C7F2463FF41004DE874 /* Frameworks */,
				1B813C802463FF41004DE874 /* Resources */,
			);
			buildRules = (
			);
			dependencies = (
			);
			name = HJFluentTheme;
			productName = HJFluentTheme;
			productReference = 1B813C822463FF41004DE874 /* HJFluentTheme.app */;
			productType = "com.apple.product-type.application";
		};
		1B813C972463FF43004DE874 /* HJFluentThemeTests */ = {
			isa = PBXNativeTarget;
			buildConfigurationList = 1B813CAF2463FF43004DE874 /* Build configuration list for PBXNativeTarget "HJFluentThemeTests" */;
			buildPhases = (
				1B813C942463FF43004DE874 /* Sources */,
				1B813C952463FF43004DE874 /* Frameworks */,
				1B813C962463FF43004DE874 /* Resources */,
			);
			buildRules = (
			);
			dependencies = (
				1B813C9A2463FF43004DE874 /* PBXTargetDependency */,
			);
			name = HJFluentThemeTests;
			productName = HJFluentThemeTests;
			productReference = 1B813C982463FF43004DE874 /* HJFluentThemeTests.xctest */;
			productType = "com.apple.product-type.bundle.unit-test";
		};
		1B813CA22463FF43004DE874 /* HJFluentThemeUITests */ = {
			isa = PBXNativeTarget;
			buildConfigurationList = 1B813CB22463FF43004DE874 /* Build configuration list for PBXNativeTarget "HJFluentThemeUITests" */;
			buildPhases = (
				1B813C9F2463FF43004DE874 /* Sources */,
				1B813CA02463FF43004DE874 /* Frameworks */,
				1B813CA12463FF43004DE874 /* Resources */,
			);
			buildRules = (
			);
			dependencies = (
				1B813CA52463FF43004DE874 /* PBXTargetDependency */,
			);
			name = HJFluentThemeUITests;
			productName = HJFluentThemeUITests;
			productReference = 1B813CA32463FF43004DE874 /* HJFluentThemeUITests.xctest */;
			productType = "com.apple.product-type.bundle.ui-testing";
		};
/* End PBXNativeTarget section */

/* Begin PBXProject section */
		1B813C7A2463FF41004DE874 /* Project object */ = {
			isa = PBXProject;
			attributes = {
				LastSwiftUpdateCheck = 1140;
				LastUpgradeCheck = 1140;
				ORGANIZATIONNAME = SpeakNow;
				TargetAttributes = {
					1B813C812463FF41004DE874 = {
						CreatedOnToolsVersion = 11.4.1;
						LastSwiftMigration = 1140;
					};
					1B813C972463FF43004DE874 = {
						CreatedOnToolsVersion = 11.4.1;
						TestTargetID = 1B813C812463FF41004DE874;
					};
					1B813CA22463FF43004DE874 = {
						CreatedOnToolsVersion = 11.4.1;
						TestTargetID = 1B813C812463FF41004DE874;
					};
				};
			};
			buildConfigurationList = 1B813C7D2463FF41004DE874 /* Build configuration list for PBXProject "HJFluentTheme" */;
			compatibilityVersion = "Xcode 9.3";
			developmentRegion = en;
			hasScannedForEncodings = 0;
			knownRegions = (
				en,
				Base,
			);
			mainGroup = 1B813C792463FF41004DE874;
			productRefGroup = 1B813C832463FF41004DE874 /* Products */;
			projectDirPath = "";
			projectRoot = "";
			targets = (
				1B813C812463FF41004DE874 /* HJFluentTheme */,
				1B813C972463FF43004DE874 /* HJFluentThemeTests */,
				1B813CA22463FF43004DE874 /* HJFluentThemeUITests */,
			);
		};
/* End PBXProject section */

/* Begin PBXResourcesBuildPhase section */
		1B813C802463FF41004DE874 /* Resources */ = {
			isa = PBXResourcesBuildPhase;
			buildActionMask = 2147483647;
			files = (
				1B813D3E2465483E004DE874 /* Podfile in Resources */,
				1B813C922463FF43004DE874 /* LaunchScreen.storyboard in Resources */,
				1B813C8F2463FF43004DE874 /* Assets.xcassets in Resources */,
				1B813C8D2463FF41004DE874 /* Main.storyboard in Resources */,
			);
			runOnlyForDeploymentPostprocessing = 0;
		};
		1B813C962463FF43004DE874 /* Resources */ = {
			isa = PBXResourcesBuildPhase;
			buildActionMask = 2147483647;
			files = (
			);
			runOnlyForDeploymentPostprocessing = 0;
		};
		1B813CA12463FF43004DE874 /* Resources */ = {
			isa = PBXResourcesBuildPhase;
			buildActionMask = 2147483647;
			files = (
			);
			runOnlyForDeploymentPostprocessing = 0;
		};
/* End PBXResourcesBuildPhase section */

/* Begin PBXSourcesBuildPhase section */
		1B813C7E2463FF41004DE874 /* Sources */ = {
			isa = PBXSourcesBuildPhase;
			buildActionMask = 2147483647;
			files = (
				1B813CFE24653FD5004DE874 /* TMDynamicColor.m in Sources */,
				1B813D1A24654238004DE874 /* UIButton+ThemeModeKit.swift in Sources */,
				1B813D0B24654163004DE874 /* UIColor+ThemeModeKit.m in Sources */,
				1B813D0724654133004DE874 /* NSObject+ThemeModelKit.m in Sources */,
				1B813C8A2463FF41004DE874 /* ViewController.swift in Sources */,
				1B813D282465429B004DE874 /* UITableView+ThemeModeKit.swift in Sources */,
				1B813D222465426C004DE874 /* UITextView+ThemeModeKit.swift in Sources */,
				1B813D0124654019004DE874 /* TMDynamicImage.m in Sources */,
				1B813C862463FF41004DE874 /* AppDelegate.swift in Sources */,
				1B813D242465427A004DE874 /* UIImageView+ThemeModeKit.swift in Sources */,
				1B813D30246542CD004DE874 /* UILabel+ThemeModeKit.swift in Sources */,
				1B813D2A246542A7004DE874 /* UINavigationBar+ThemeModeKit.swift in Sources */,
				1B813D34246542ED004DE874 /* UITextField+ThemeModeKit.swift in Sources */,
				1B813D1C24654245004DE874 /* UIWindow+ThemeModeKit.swift in Sources */,
				1B813D182465422F004DE874 /* UIToolbar+ThemeModeKit.swift in Sources */,
				1B813D3624654301004DE874 /* UIApplication+ThemeModeKit.swift in Sources */,
				1B813D2E246542C3004DE874 /* UIViewController+ThemeModeKit.swift in Sources */,
				1B813D32246542DD004DE874 /* UISlider+ThemeModeKit.swift in Sources */,
				1B813D14246541D5004DE874 /* ThemeModeManager.swift in Sources */,
				1B813D162465421F004DE874 /* UIView+ThemeModeKit.swift in Sources */,
				1B813D0E24654173004DE874 /* UIView+ThemeModeKit.m in Sources */,
				1B813D262465428E004DE874 /* UIVPageControl+ThemeModeKit.swift in Sources */,
				1B813D2C246542B6004DE874 /* UITabBar+ThemeModeKit.swift in Sources */,
				1B813D0424654113004DE874 /* TMTraitCollection.m in Sources */,
				1B813D112465417F004DE874 /* UIImage+ThemeModeKit.m in Sources */,
				1B813D1E24654251004DE874 /* UIProgressView+ThemeModeKit.swift in Sources */,
				1B813D202465425F004DE874 /* UIScrollView+ThemeModeKit.swift in Sources */,
			);
			runOnlyForDeploymentPostprocessing = 0;
		};
		1B813C942463FF43004DE874 /* Sources */ = {
			isa = PBXSourcesBuildPhase;
			buildActionMask = 2147483647;
			files = (
				1B813C9D2463FF43004DE874 /* HJFluentThemeTests.swift in Sources */,
			);
			runOnlyForDeploymentPostprocessing = 0;
		};
		1B813C9F2463FF43004DE874 /* Sources */ = {
			isa = PBXSourcesBuildPhase;
			buildActionMask = 2147483647;
			files = (
				1B813CA82463FF43004DE874 /* HJFluentThemeUITests.swift in Sources */,
			);
			runOnlyForDeploymentPostprocessing = 0;
		};
/* End PBXSourcesBuildPhase section */

/* Begin PBXTargetDependency section */
		1B813C9A2463FF43004DE874 /* PBXTargetDependency */ = {
			isa = PBXTargetDependency;
			target = 1B813C812463FF41004DE874 /* HJFluentTheme */;
			targetProxy = 1B813C992463FF43004DE874 /* PBXContainerItemProxy */;
		};
		1B813CA52463FF43004DE874 /* PBXTargetDependency */ = {
			isa = PBXTargetDependency;
			target = 1B813C812463FF41004DE874 /* HJFluentTheme */;
			targetProxy = 1B813CA42463FF43004DE874 /* PBXContainerItemProxy */;
		};
/* End PBXTargetDependency section */

/* Begin PBXVariantGroup section */
		1B813C8B2463FF41004DE874 /* Main.storyboard */ = {
			isa = PBXVariantGroup;
			children = (
				1B813C8C2463FF41004DE874 /* Base */,
			);
			name = Main.storyboard;
			sourceTree = "<group>";
		};
		1B813C902463FF43004DE874 /* LaunchScreen.storyboard */ = {
			isa = PBXVariantGroup;
			children = (
				1B813C912463FF43004DE874 /* Base */,
			);
			name = LaunchScreen.storyboard;
			sourceTree = "<group>";
		};
/* End PBXVariantGroup section */

/* Begin XCBuildConfiguration section */
		1B813CAA2463FF43004DE874 /* Debug */ = {
			isa = XCBuildConfiguration;
			buildSettings = {
				ALWAYS_SEARCH_USER_PATHS = NO;
				CLANG_ANALYZER_NONNULL = YES;
				CLANG_ANALYZER_NUMBER_OBJECT_CONVERSION = YES_AGGRESSIVE;
				CLANG_CXX_LANGUAGE_STANDARD = "gnu++14";
				CLANG_CXX_LIBRARY = "libc++";
				CLANG_ENABLE_MODULES = YES;
				CLANG_ENABLE_OBJC_ARC = YES;
				CLANG_ENABLE_OBJC_WEAK = YES;
				CLANG_WARN_BLOCK_CAPTURE_AUTORELEASING = YES;
				CLANG_WARN_BOOL_CONVERSION = YES;
				CLANG_WARN_COMMA = YES;
				CLANG_WARN_CONSTANT_CONVERSION = YES;
				CLANG_WARN_DEPRECATED_OBJC_IMPLEMENTATIONS = YES;
				CLANG_WARN_DIRECT_OBJC_ISA_USAGE = YES_ERROR;
				CLANG_WARN_DOCUMENTATION_COMMENTS = YES;
				CLANG_WARN_EMPTY_BODY = YES;
				CLANG_WARN_ENUM_CONVERSION = YES;
				CLANG_WARN_INFINITE_RECURSION = YES;
				CLANG_WARN_INT_CONVERSION = YES;
				CLANG_WARN_NON_LITERAL_NULL_CONVERSION = YES;
				CLANG_WARN_OBJC_IMPLICIT_RETAIN_SELF = YES;
				CLANG_WARN_OBJC_LITERAL_CONVERSION = YES;
				CLANG_WARN_OBJC_ROOT_CLASS = YES_ERROR;
				CLANG_WARN_RANGE_LOOP_ANALYSIS = YES;
				CLANG_WARN_STRICT_PROTOTYPES = YES;
				CLANG_WARN_SUSPICIOUS_MOVE = YES;
				CLANG_WARN_UNGUARDED_AVAILABILITY = YES_AGGRESSIVE;
				CLANG_WARN_UNREACHABLE_CODE = YES;
				CLANG_WARN__DUPLICATE_METHOD_MATCH = YES;
				COPY_PHASE_STRIP = NO;
				DEBUG_INFORMATION_FORMAT = dwarf;
				ENABLE_STRICT_OBJC_MSGSEND = YES;
				ENABLE_TESTABILITY = YES;
				GCC_C_LANGUAGE_STANDARD = gnu11;
				GCC_DYNAMIC_NO_PIC = NO;
				GCC_NO_COMMON_BLOCKS = YES;
				GCC_OPTIMIZATION_LEVEL = 0;
				GCC_PREPROCESSOR_DEFINITIONS = (
					"DEBUG=1",
					"$(inherited)",
				);
				GCC_WARN_64_TO_32_BIT_CONVERSION = YES;
				GCC_WARN_ABOUT_RETURN_TYPE = YES_ERROR;
				GCC_WARN_UNDECLARED_SELECTOR = YES;
				GCC_WARN_UNINITIALIZED_AUTOS = YES_AGGRESSIVE;
				GCC_WARN_UNUSED_FUNCTION = YES;
				GCC_WARN_UNUSED_VARIABLE = YES;
				IPHONEOS_DEPLOYMENT_TARGET = 13.4;
				MTL_ENABLE_DEBUG_INFO = INCLUDE_SOURCE;
				MTL_FAST_MATH = YES;
				ONLY_ACTIVE_ARCH = YES;
				SDKROOT = iphoneos;
				SWIFT_ACTIVE_COMPILATION_CONDITIONS = DEBUG;
				SWIFT_OPTIMIZATION_LEVEL = "-Onone";
			};
			name = Debug;
		};
		1B813CAB2463FF43004DE874 /* Release */ = {
			isa = XCBuildConfiguration;
			buildSettings = {
				ALWAYS_SEARCH_USER_PATHS = NO;
				CLANG_ANALYZER_NONNULL = YES;
				CLANG_ANALYZER_NUMBER_OBJECT_CONVERSION = YES_AGGRESSIVE;
				CLANG_CXX_LANGUAGE_STANDARD = "gnu++14";
				CLANG_CXX_LIBRARY = "libc++";
				CLANG_ENABLE_MODULES = YES;
				CLANG_ENABLE_OBJC_ARC = YES;
				CLANG_ENABLE_OBJC_WEAK = YES;
				CLANG_WARN_BLOCK_CAPTURE_AUTORELEASING = YES;
				CLANG_WARN_BOOL_CONVERSION = YES;
				CLANG_WARN_COMMA = YES;
				CLANG_WARN_CONSTANT_CONVERSION = YES;
				CLANG_WARN_DEPRECATED_OBJC_IMPLEMENTATIONS = YES;
				CLANG_WARN_DIRECT_OBJC_ISA_USAGE = YES_ERROR;
				CLANG_WARN_DOCUMENTATION_COMMENTS = YES;
				CLANG_WARN_EMPTY_BODY = YES;
				CLANG_WARN_ENUM_CONVERSION = YES;
				CLANG_WARN_INFINITE_RECURSION = YES;
				CLANG_WARN_INT_CONVERSION = YES;
				CLANG_WARN_NON_LITERAL_NULL_CONVERSION = YES;
				CLANG_WARN_OBJC_IMPLICIT_RETAIN_SELF = YES;
				CLANG_WARN_OBJC_LITERAL_CONVERSION = YES;
				CLANG_WARN_OBJC_ROOT_CLASS = YES_ERROR;
				CLANG_WARN_RANGE_LOOP_ANALYSIS = YES;
				CLANG_WARN_STRICT_PROTOTYPES = YES;
				CLANG_WARN_SUSPICIOUS_MOVE = YES;
				CLANG_WARN_UNGUARDED_AVAILABILITY = YES_AGGRESSIVE;
				CLANG_WARN_UNREACHABLE_CODE = YES;
				CLANG_WARN__DUPLICATE_METHOD_MATCH = YES;
				COPY_PHASE_STRIP = NO;
				DEBUG_INFORMATION_FORMAT = "dwarf-with-dsym";
				ENABLE_NS_ASSERTIONS = NO;
				ENABLE_STRICT_OBJC_MSGSEND = YES;
				GCC_C_LANGUAGE_STANDARD = gnu11;
				GCC_NO_COMMON_BLOCKS = YES;
				GCC_WARN_64_TO_32_BIT_CONVERSION = YES;
				GCC_WARN_ABOUT_RETURN_TYPE = YES_ERROR;
				GCC_WARN_UNDECLARED_SELECTOR = YES;
				GCC_WARN_UNINITIALIZED_AUTOS = YES_AGGRESSIVE;
				GCC_WARN_UNUSED_FUNCTION = YES;
				GCC_WARN_UNUSED_VARIABLE = YES;
				IPHONEOS_DEPLOYMENT_TARGET = 13.4;
				MTL_ENABLE_DEBUG_INFO = NO;
				MTL_FAST_MATH = YES;
				SDKROOT = iphoneos;
				SWIFT_COMPILATION_MODE = wholemodule;
				SWIFT_OPTIMIZATION_LEVEL = "-O";
				VALIDATE_PRODUCT = YES;
			};
			name = Release;
		};
		1B813CAD2463FF43004DE874 /* Debug */ = {
			isa = XCBuildConfiguration;
			buildSettings = {
				ASSETCATALOG_COMPILER_APPICON_NAME = AppIcon;
				CLANG_ENABLE_MODULES = YES;
				CODE_SIGN_STYLE = Automatic;
				DEVELOPMENT_TEAM = 7YWH2SDZRB;
				INFOPLIST_FILE = HJFluentTheme/Info.plist;
				IPHONEOS_DEPLOYMENT_TARGET = 9.0;
				LD_RUNPATH_SEARCH_PATHS = (
					"$(inherited)",
					"@executable_path/Frameworks",
				);
				PRODUCT_BUNDLE_IDENTIFIER = cn.com.speaknow.HJFluentTheme;
				PRODUCT_NAME = "$(TARGET_NAME)";
				SWIFT_OBJC_BRIDGING_HEADER = "/Users/huangjin/Developer/HuangJin/HJFluentTheme/HJFluentTheme/HJFluentTheme-Bridging-Header.h";
				SWIFT_OPTIMIZATION_LEVEL = "-Onone";
				SWIFT_VERSION = 5.0;
				TARGETED_DEVICE_FAMILY = "1,2";
			};
			name = Debug;
		};
		1B813CAE2463FF43004DE874 /* Release */ = {
			isa = XCBuildConfiguration;
			buildSettings = {
				ASSETCATALOG_COMPILER_APPICON_NAME = AppIcon;
				CLANG_ENABLE_MODULES = YES;
				CODE_SIGN_STYLE = Automatic;
				DEVELOPMENT_TEAM = 7YWH2SDZRB;
				INFOPLIST_FILE = HJFluentTheme/Info.plist;
				IPHONEOS_DEPLOYMENT_TARGET = 9.0;
				LD_RUNPATH_SEARCH_PATHS = (
					"$(inherited)",
					"@executable_path/Frameworks",
				);
				PRODUCT_BUNDLE_IDENTIFIER = cn.com.speaknow.HJFluentTheme;
				PRODUCT_NAME = "$(TARGET_NAME)";
				SWIFT_OBJC_BRIDGING_HEADER = "/Users/huangjin/Developer/HuangJin/HJFluentTheme/HJFluentTheme/HJFluentTheme-Bridging-Header.h";
				SWIFT_VERSION = 5.0;
				TARGETED_DEVICE_FAMILY = "1,2";
			};
			name = Release;
		};
		1B813CB02463FF43004DE874 /* Debug */ = {
			isa = XCBuildConfiguration;
			buildSettings = {
				ALWAYS_EMBED_SWIFT_STANDARD_LIBRARIES = YES;
				BUNDLE_LOADER = "$(TEST_HOST)";
				CODE_SIGN_STYLE = Automatic;
				DEVELOPMENT_TEAM = 7YWH2SDZRB;
				INFOPLIST_FILE = HJFluentThemeTests/Info.plist;
				IPHONEOS_DEPLOYMENT_TARGET = 13.4;
				LD_RUNPATH_SEARCH_PATHS = (
					"$(inherited)",
					"@executable_path/Frameworks",
					"@loader_path/Frameworks",
				);
				PRODUCT_BUNDLE_IDENTIFIER = cn.com.speaknow.HJFluentThemeTests;
				PRODUCT_NAME = "$(TARGET_NAME)";
				SWIFT_VERSION = 5.0;
				TARGETED_DEVICE_FAMILY = "1,2";
				TEST_HOST = "$(BUILT_PRODUCTS_DIR)/HJFluentTheme.app/HJFluentTheme";
			};
			name = Debug;
		};
		1B813CB12463FF43004DE874 /* Release */ = {
			isa = XCBuildConfiguration;
			buildSettings = {
				ALWAYS_EMBED_SWIFT_STANDARD_LIBRARIES = YES;
				BUNDLE_LOADER = "$(TEST_HOST)";
				CODE_SIGN_STYLE = Automatic;
				DEVELOPMENT_TEAM = 7YWH2SDZRB;
				INFOPLIST_FILE = HJFluentThemeTests/Info.plist;
				IPHONEOS_DEPLOYMENT_TARGET = 13.4;
				LD_RUNPATH_SEARCH_PATHS = (
					"$(inherited)",
					"@executable_path/Frameworks",
					"@loader_path/Frameworks",
				);
				PRODUCT_BUNDLE_IDENTIFIER = cn.com.speaknow.HJFluentThemeTests;
				PRODUCT_NAME = "$(TARGET_NAME)";
				SWIFT_VERSION = 5.0;
				TARGETED_DEVICE_FAMILY = "1,2";
				TEST_HOST = "$(BUILT_PRODUCTS_DIR)/HJFluentTheme.app/HJFluentTheme";
			};
			name = Release;
		};
		1B813CB32463FF43004DE874 /* Debug */ = {
			isa = XCBuildConfiguration;
			buildSettings = {
				ALWAYS_EMBED_SWIFT_STANDARD_LIBRARIES = YES;
				CODE_SIGN_STYLE = Automatic;
				DEVELOPMENT_TEAM = 7YWH2SDZRB;
				INFOPLIST_FILE = HJFluentThemeUITests/Info.plist;
				LD_RUNPATH_SEARCH_PATHS = (
					"$(inherited)",
					"@executable_path/Frameworks",
					"@loader_path/Frameworks",
				);
				PRODUCT_BUNDLE_IDENTIFIER = cn.com.speaknow.HJFluentThemeUITests;
				PRODUCT_NAME = "$(TARGET_NAME)";
				SWIFT_VERSION = 5.0;
				TARGETED_DEVICE_FAMILY = "1,2";
				TEST_TARGET_NAME = HJFluentTheme;
			};
			name = Debug;
		};
		1B813CB42463FF43004DE874 /* Release */ = {
			isa = XCBuildConfiguration;
			buildSettings = {
				ALWAYS_EMBED_SWIFT_STANDARD_LIBRARIES = YES;
				CODE_SIGN_STYLE = Automatic;
				DEVELOPMENT_TEAM = 7YWH2SDZRB;
				INFOPLIST_FILE = HJFluentThemeUITests/Info.plist;
				LD_RUNPATH_SEARCH_PATHS = (
					"$(inherited)",
					"@executable_path/Frameworks",
					"@loader_path/Frameworks",
				);
				PRODUCT_BUNDLE_IDENTIFIER = cn.com.speaknow.HJFluentThemeUITests;
				PRODUCT_NAME = "$(TARGET_NAME)";
				SWIFT_VERSION = 5.0;
				TARGETED_DEVICE_FAMILY = "1,2";
				TEST_TARGET_NAME = HJFluentTheme;
			};
			name = Release;
		};
/* End XCBuildConfiguration section */

/* Begin XCConfigurationList section */
		1B813C7D2463FF41004DE874 /* Build configuration list for PBXProject "HJFluentTheme" */ = {
			isa = XCConfigurationList;
			buildConfigurations = (
				1B813CAA2463FF43004DE874 /* Debug */,
				1B813CAB2463FF43004DE874 /* Release */,
			);
			defaultConfigurationIsVisible = 0;
			defaultConfigurationName = Release;
		};
		1B813CAC2463FF43004DE874 /* Build configuration list for PBXNativeTarget "HJFluentTheme" */ = {
			isa = XCConfigurationList;
			buildConfigurations = (
				1B813CAD2463FF43004DE874 /* Debug */,
				1B813CAE2463FF43004DE874 /* Release */,
			);
			defaultConfigurationIsVisible = 0;
			defaultConfigurationName = Release;
		};
		1B813CAF2463FF43004DE874 /* Build configuration list for PBXNativeTarget "HJFluentThemeTests" */ = {
			isa = XCConfigurationList;
			buildConfigurations = (
				1B813CB02463FF43004DE874 /* Debug */,
				1B813CB12463FF43004DE874 /* Release */,
			);
			defaultConfigurationIsVisible = 0;
			defaultConfigurationName = Release;
		};
		1B813CB22463FF43004DE874 /* Build configuration list for PBXNativeTarget "HJFluentThemeUITests" */ = {
			isa = XCConfigurationList;
			buildConfigurations = (
				1B813CB32463FF43004DE874 /* Debug */,
				1B813CB42463FF43004DE874 /* Release */,
			);
			defaultConfigurationIsVisible = 0;
			defaultConfigurationName = Release;
		};
/* End XCConfigurationList section */
	};
	rootObject = 1B813C7A2463FF41004DE874 /* Project object */;
}
